// !$*UTF8*$!
{
	archiveVersion = 1;
	classes = {
	};
	objectVersion = 46;
	objects = {

/* Begin PBXBuildFile section */
		3F71F68B21776F8E00AAE74A /* AppDelegate.m in Sources */ = {isa = PBXBuildFile; fileRef = 3F71F68A21776F8E00AAE74A /* AppDelegate.m */; };
		3F71F68E21776F8E00AAE74A /* main.m in Sources */ = {isa = PBXBuildFile; fileRef = 3F71F68D21776F8E00AAE74A /* main.m */; };
		3F71F69121776F8E00AAE74A /* ViewController.m in Sources */ = {isa = PBXBuildFile; fileRef = 3F71F69021776F8E00AAE74A /* ViewController.m */; };
		3F71F69321776F8E00AAE74A /* Assets.xcassets in Resources */ = {isa = PBXBuildFile; fileRef = 3F71F69221776F8E00AAE74A /* Assets.xcassets */; };
		3F71F69621776F8E00AAE74A /* Main.storyboard in Resources */ = {isa = PBXBuildFile; fileRef = 3F71F69421776F8E00AAE74A /* Main.storyboard */; };
		3F71F6A121776F8E00AAE74A /* CalculateTests.m in Sources */ = {isa = PBXBuildFile; fileRef = 3F71F6A021776F8E00AAE74A /* CalculateTests.m */; };
		3F71F6AC21776F8E00AAE74A /* CalculateUITests.m in Sources */ = {isa = PBXBuildFile; fileRef = 3F71F6AB21776F8E00AAE74A /* CalculateUITests.m */; };
/* End PBXBuildFile section */

/* Begin PBXContainerItemProxy section */
		3F71F69D21776F8E00AAE74A /* PBXContainerItemProxy */ = {
			isa = PBXContainerItemProxy;
			containerPortal = 3F71F67E21776F8D00AAE74A /* Project object */;
			proxyType = 1;
			remoteGlobalIDString = 3F71F68521776F8D00AAE74A;
			remoteInfo = Calculate;
		};
		3F71F6A821776F8E00AAE74A /* PBXContainerItemProxy */ = {
			isa = PBXContainerItemProxy;
			containerPortal = 3F71F67E21776F8D00AAE74A /* Project object */;
			proxyType = 1;
			remoteGlobalIDString = 3F71F68521776F8D00AAE74A;
			remoteInfo = Calculate;
		};
/* End PBXContainerItemProxy section */

/* Begin PBXFileReference section */
		3F71F68621776F8E00AAE74A /* Calculate.app */ = {isa = PBXFileReference; explicitFileType = wrapper.application; includeInIndex = 0; path = Calculate.app; sourceTree = BUILT_PRODUCTS_DIR; };
		3F71F68921776F8E00AAE74A /* AppDelegate.h */ = {isa = PBXFileReference; lastKnownFileType = sourcecode.c.h; path = AppDelegate.h; sourceTree = "<group>"; };
		3F71F68A21776F8E00AAE74A /* AppDelegate.m */ = {isa = PBXFileReference; lastKnownFileType = sourcecode.c.objc; path = AppDelegate.m; sourceTree = "<group>"; };
		3F71F68D21776F8E00AAE74A /* main.m */ = {isa = PBXFileReference; lastKnownFileType = sourcecode.c.objc; path = main.m; sourceTree = "<group>"; };
		3F71F68F21776F8E00AAE74A /* ViewController.h */ = {isa = PBXFileReference; lastKnownFileType = sourcecode.c.h; path = ViewController.h; sourceTree = "<group>"; };
		3F71F69021776F8E00AAE74A /* ViewController.m */ = {isa = PBXFileReference; lastKnownFileType = sourcecode.c.objc; path = ViewController.m; sourceTree = "<group>"; };
		3F71F69221776F8E00AAE74A /* Assets.xcassets */ = {isa = PBXFileReference; lastKnownFileType = folder.assetcatalog; path = Assets.xcassets; sourceTree = "<group>"; };
		3F71F69521776F8E00AAE74A /* Base */ = {isa = PBXFileReference; lastKnownFileType = file.storyboard; name = Base; path = Base.lproj/Main.storyboard; sourceTree = "<group>"; };
		3F71F69721776F8E00AAE74A /* Info.plist */ = {isa = PBXFileReference; lastKnownFileType = text.plist.xml; path = Info.plist; sourceTree = "<group>"; };
		3F71F69C21776F8E00AAE74A /* CalculateTests.xctest */ = {isa = PBXFileReference; explicitFileType = wrapper.cfbundle; includeInIndex = 0; path = CalculateTests.xctest; sourceTree = BUILT_PRODUCTS_DIR; };
		3F71F6A021776F8E00AAE74A /* CalculateTests.m */ = {isa = PBXFileReference; lastKnownFileType = sourcecode.c.objc; path = CalculateTests.m; sourceTree = "<group>"; };
		3F71F6A221776F8E00AAE74A /* Info.plist */ = {isa = PBXFileReference; lastKnownFileType = text.plist.xml; path = Info.plist; sourceTree = "<group>"; };
		3F71F6A721776F8E00AAE74A /* CalculateUITests.xctest */ = {isa = PBXFileReference; explicitFileType = wrapper.cfbundle; includeInIndex = 0; path = CalculateUITests.xctest; sourceTree = BUILT_PRODUCTS_DIR; };
		3F71F6AB21776F8E00AAE74A /* CalculateUITests.m */ = {isa = PBXFileReference; lastKnownFileType = sourcecode.c.objc; path = CalculateUITests.m; sourceTree = "<group>"; };
		3F71F6AD21776F8E00AAE74A /* Info.plist */ = {isa = PBXFileReference; lastKnownFileType = text.plist.xml; path = Info.plist; sourceTree = "<group>"; };
/* End PBXFileReference section */

/* Begin PBXFrameworksBuildPhase section */
		3F71F68321776F8D00AAE74A /* Frameworks */ = {
			isa = PBXFrameworksBuildPhase;
			buildActionMask = 2147483647;
			files = (
			);
			runOnlyForDeploymentPostprocessing = 0;
		};
		3F71F69921776F8E00AAE74A /* Frameworks */ = {
			isa = PBXFrameworksBuildPhase;
			buildActionMask = 2147483647;
			files = (
			);
			runOnlyForDeploymentPostprocessing = 0;
		};
		3F71F6A421776F8E00AAE74A /* Frameworks */ = {
			isa = PBXFrameworksBuildPhase;
			buildActionMask = 2147483647;
			files = (
			);
			runOnlyForDeploymentPostprocessing = 0;
		};
/* End PBXFrameworksBuildPhase section */

/* Begin PBXGroup section */
		3F71F67D21776F8D00AAE74A = {
			isa = PBXGroup;
			children = (
				3F71F68821776F8E00AAE74A /* Calculate */,
				3F71F69F21776F8E00AAE74A /* CalculateTests */,
				3F71F6AA21776F8E00AAE74A /* CalculateUITests */,
				3F71F68721776F8E00AAE74A /* Products */,
			);
			sourceTree = "<group>";
		};
		3F71F68721776F8E00AAE74A /* Products */ = {
			isa = PBXGroup;
			children = (
				3F71F68621776F8E00AAE74A /* Calculate.app */,
				3F71F69C21776F8E00AAE74A /* CalculateTests.xctest */,
				3F71F6A721776F8E00AAE74A /* CalculateUITests.xctest */,
			);
			name = Products;
			sourceTree = "<group>";
		};
		3F71F68821776F8E00AAE74A /* Calculate */ = {
			isa = PBXGroup;
			children = (
				3F71F68921776F8E00AAE74A /* AppDelegate.h */,
				3F71F68A21776F8E00AAE74A /* AppDelegate.m */,
				3F71F68F21776F8E00AAE74A /* ViewController.h */,
				3F71F69021776F8E00AAE74A /* ViewController.m */,
				3F71F69221776F8E00AAE74A /* Assets.xcassets */,
				3F71F69421776F8E00AAE74A /* Main.storyboard */,
				3F71F69721776F8E00AAE74A /* Info.plist */,
				3F71F68C21776F8E00AAE74A /* Supporting Files */,
			);
			path = Calculate;
			sourceTree = "<group>";
		};
		3F71F68C21776F8E00AAE74A /* Supporting Files */ = {
			isa = PBXGroup;
			children = (
				3F71F68D21776F8E00AAE74A /* main.m */,
			);
			name = "Supporting Files";
			sourceTree = "<group>";
		};
		3F71F69F21776F8E00AAE74A /* CalculateTests */ = {
			isa = PBXGroup;
			children = (
				3F71F6A021776F8E00AAE74A /* CalculateTests.m */,
				3F71F6A221776F8E00AAE74A /* Info.plist */,
			);
			path = CalculateTests;
			sourceTree = "<group>";
		};
		3F71F6AA21776F8E00AAE74A /* CalculateUITests */ = {
			isa = PBXGroup;
			children = (
				3F71F6AB21776F8E00AAE74A /* CalculateUITests.m */,
				3F71F6AD21776F8E00AAE74A /* Info.plist */,
			);
			path = CalculateUITests;
			sourceTree = "<group>";
		};
/* End PBXGroup section */

/* Begin PBXNativeTarget section */
		3F71F68521776F8D00AAE74A /* Calculate */ = {
			isa = PBXNativeTarget;
			buildConfigurationList = 3F71F6B021776F8E00AAE74A /* Build configuration list for PBXNativeTarget "Calculate" */;
			buildPhases = (
				3F71F68221776F8D00AAE74A /* Sources */,
				3F71F68321776F8D00AAE74A /* Frameworks */,
				3F71F68421776F8D00AAE74A /* Resources */,
			);
			buildRules = (
			);
			dependencies = (
			);
			name = Calculate;
			productName = Calculate;
			productReference = 3F71F68621776F8E00AAE74A /* Calculate.app */;
			productType = "com.apple.product-type.application";
		};
		3F71F69B21776F8E00AAE74A /* CalculateTests */ = {
			isa = PBXNativeTarget;
			buildConfigurationList = 3F71F6B321776F8E00AAE74A /* Build configuration list for PBXNativeTarget "CalculateTests" */;
			buildPhases = (
				3F71F69821776F8E00AAE74A /* Sources */,
				3F71F69921776F8E00AAE74A /* Frameworks */,
				3F71F69A21776F8E00AAE74A /* Resources */,
			);
			buildRules = (
			);
			dependencies = (
				3F71F69E21776F8E00AAE74A /* PBXTargetDependency */,
			);
			name = CalculateTests;
			productName = CalculateTests;
			productReference = 3F71F69C21776F8E00AAE74A /* CalculateTests.xctest */;
			productType = "com.apple.product-type.bundle.unit-test";
		};
		3F71F6A621776F8E00AAE74A /* CalculateUITests */ = {
			isa = PBXNativeTarget;
			buildConfigurationList = 3F71F6B621776F8E00AAE74A /* Build configuration list for PBXNativeTarget "CalculateUITests" */;
			buildPhases = (
				3F71F6A321776F8E00AAE74A /* Sources */,
				3F71F6A421776F8E00AAE74A /* Frameworks */,
				3F71F6A521776F8E00AAE74A /* Resources */,
			);
			buildRules = (
			);
			dependencies = (
				3F71F6A921776F8E00AAE74A /* PBXTargetDependency */,
			);
			name = CalculateUITests;
			productName = CalculateUITests;
			productReference = 3F71F6A721776F8E00AAE74A /* CalculateUITests.xctest */;
			productType = "com.apple.product-type.bundle.ui-testing";
		};
/* End PBXNativeTarget section */

/* Begin PBXProject section */
		3F71F67E21776F8D00AAE74A /* Project object */ = {
			isa = PBXProject;
			attributes = {
				LastUpgradeCheck = 0730;
				ORGANIZATIONNAME = Student;
				TargetAttributes = {
					3F71F68521776F8D00AAE74A = {
						CreatedOnToolsVersion = 7.3.1;
					};
					3F71F69B21776F8E00AAE74A = {
						CreatedOnToolsVersion = 7.3.1;
						TestTargetID = 3F71F68521776F8D00AAE74A;
					};
					3F71F6A621776F8E00AAE74A = {
						CreatedOnToolsVersion = 7.3.1;
						TestTargetID = 3F71F68521776F8D00AAE74A;
					};
				};
			};
			buildConfigurationList = 3F71F68121776F8D00AAE74A /* Build configuration list for PBXProject "Calculate" */;
			compatibilityVersion = "Xcode 3.2";
			developmentRegion = English;
			hasScannedForEncodings = 0;
			knownRegions = (
				en,
				Base,
			);
			mainGroup = 3F71F67D21776F8D00AAE74A;
			productRefGroup = 3F71F68721776F8E00AAE74A /* Products */;
			projectDirPath = "";
			projectRoot = "";
			targets = (
				3F71F68521776F8D00AAE74A /* Calculate */,
				3F71F69B21776F8E00AAE74A /* CalculateTests */,
				3F71F6A621776F8E00AAE74A /* CalculateUITests */,
			);
		};
/* End PBXProject section */

/* Begin PBXResourcesBuildPhase section */
		3F71F68421776F8D00AAE74A /* Resources */ = {
			isa = PBXResourcesBuildPhase;
			buildActionMask = 2147483647;
			files = (
				3F71F69321776F8E00AAE74A /* Assets.xcassets in Resources */,
				3F71F69621776F8E00AAE74A /* Main.storyboard in Resources */,
			);
			runOnlyForDeploymentPostprocessing = 0;
		};
		3F71F69A21776F8E00AAE74A /* Resources */ = {
			isa = PBXResourcesBuildPhase;
			buildActionMask = 2147483647;
			files = (
			);
			runOnlyForDeploymentPostprocessing = 0;
		};
		3F71F6A521776F8E00AAE74A /* Resources */ = {
			isa = PBXResourcesBuildPhase;
			buildActionMask = 2147483647;
			files = (
			);
			runOnlyForDeploymentPostprocessing = 0;
		};
/* End PBXResourcesBuildPhase section */

/* Begin PBXSourcesBuildPhase section */
		3F71F68221776F8D00AAE74A /* Sources */ = {
			isa = PBXSourcesBuildPhase;
			buildActionMask = 2147483647;
			files = (
				3F71F69121776F8E00AAE74A /* ViewController.m in Sources */,
				3F71F68E21776F8E00AAE74A /* main.m in Sources */,
				3F71F68B21776F8E00AAE74A /* AppDelegate.m in Sources */,
			);
			runOnlyForDeploymentPostprocessing = 0;
		};
		3F71F69821776F8E00AAE74A /* Sources */ = {
			isa = PBXSourcesBuildPhase;
			buildActionMask = 2147483647;
			files = (
				3F71F6A121776F8E00AAE74A /* CalculateTests.m in Sources */,
			);
			runOnlyForDeploymentPostprocessing = 0;
		};
		3F71F6A321776F8E00AAE74A /* Sources */ = {
			isa = PBXSourcesBuildPhase;
			buildActionMask = 2147483647;
			files = (
				3F71F6AC21776F8E00AAE74A /* CalculateUITests.m in Sources */,
			);
			runOnlyForDeploymentPostprocessing = 0;
		};
/* End PBXSourcesBuildPhase section */

/* Begin PBXTargetDependency section */
		3F71F69E21776F8E00AAE74A /* PBXTargetDependency */ = {
			isa = PBXTargetDependency;
			target = 3F71F68521776F8D00AAE74A /* Calculate */;
			targetProxy = 3F71F69D21776F8E00AAE74A /* PBXContainerItemProxy */;
		};
		3F71F6A921776F8E00AAE74A /* PBXTargetDependency */ = {
			isa = PBXTargetDependency;
			target = 3F71F68521776F8D00AAE74A /* Calculate */;
			targetProxy = 3F71F6A821776F8E00AAE74A /* PBXContainerItemProxy */;
		};
/* End PBXTargetDependency section */

/* Begin PBXVariantGroup section */
		3F71F69421776F8E00AAE74A /* Main.storyboard */ = {
			isa = PBXVariantGroup;
			children = (
				3F71F69521776F8E00AAE74A /* Base */,
			);
			name = Main.storyboard;
			sourceTree = "<group>";
		};
/* End PBXVariantGroup section */

/* Begin XCBuildConfiguration section */
		3F71F6AE21776F8E00AAE74A /* Debug */ = {
			isa = XCBuildConfiguration;
			buildSettings = {
				ALWAYS_SEARCH_USER_PATHS = NO;
				CLANG_ANALYZER_NONNULL = YES;
				CLANG_CXX_LANGUAGE_STANDARD = "gnu++0x";
				CLANG_CXX_LIBRARY = "libc++";
				CLANG_ENABLE_MODULES = YES;
				CLANG_ENABLE_OBJC_ARC = YES;
				CLANG_WARN_BOOL_CONVERSION = YES;
				CLANG_WARN_CONSTANT_CONVERSION = YES;
				CLANG_WARN_DIRECT_OBJC_ISA_USAGE = YES_ERROR;
				CLANG_WARN_EMPTY_BODY = YES;
				CLANG_WARN_ENUM_CONVERSION = YES;
				CLANG_WARN_INT_CONVERSION = YES;
				CLANG_WARN_OBJC_ROOT_CLASS = YES_ERROR;
				CLANG_WARN_UNREACHABLE_CODE = YES;
				CLANG_WARN__DUPLICATE_METHOD_MATCH = YES;
				CODE_SIGN_IDENTITY = "-";
				COPY_PHASE_STRIP = NO;
				DEBUG_INFORMATION_FORMAT = dwarf;
				ENABLE_STRICT_OBJC_MSGSEND = YES;
				ENABLE_TESTABILITY = YES;
				GCC_C_LANGUAGE_STANDARD = gnu99;
				GCC_DYNAMIC_NO_PIC = NO;
				GCC_NO_COMMON_BLOCKS = YES;
				GCC_OPTIMIZATION_LEVEL = 0;
				GCC_PREPROCESSOR_DEFINITIONS = (
					"DEBUG=1",
					"$(inherited)",
				);
				GCC_WARN_64_TO_32_BIT_CONVERSION = YES;
				GCC_WARN_ABOUT_RETURN_TYPE = YES_ERROR;
				GCC_WARN_UNDECLARED_SELECTOR = YES;
				GCC_WARN_UNINITIALIZED_AUTOS = YES_AGGRESSIVE;
				GCC_WARN_UNUSED_FUNCTION = YES;
				GCC_WARN_UNUSED_VARIABLE = YES;
				MACOSX_DEPLOYMENT_TARGET = 10.11;
				MTL_ENABLE_DEBUG_INFO = YES;
				ONLY_ACTIVE_ARCH = YES;
				SDKROOT = macosx;
			};
			name = Debug;
		};
		3F71F6AF21776F8E00AAE74A /* Release */ = {
			isa = XCBuildConfiguration;
			buildSettings = {
				ALWAYS_SEARCH_USER_PATHS = NO;
				CLANG_ANALYZER_NONNULL = YES;
				CLANG_CXX_LANGUAGE_STANDARD = "gnu++0x";
				CLANG_CXX_LIBRARY = "libc++";
				CLANG_ENABLE_MODULES = YES;
				CLANG_ENABLE_OBJC_ARC = YES;
				CLANG_WARN_BOOL_CONVERSION = YES;
				CLANG_WARN_CONSTANT_CONVERSION = YES;
				CLANG_WARN_DIRECT_OBJC_ISA_USAGE = YES_ERROR;
				CLANG_WARN_EMPTY_BODY = YES;
				CLANG_WARN_ENUM_CONVERSION = YES;
				CLANG_WARN_INT_CONVERSION = YES;
				CLANG_WARN_OBJC_ROOT_CLASS = YES_ERROR;
				CLANG_WARN_UNREACHABLE_CODE = YES;
				CLANG_WARN__DUPLICATE_METHOD_MATCH = YES;
				CODE_SIGN_IDENTITY = "-";
				COPY_PHASE_STRIP = NO;
				DEBUG_INFORMATION_FORMAT = "dwarf-with-dsym";
				ENABLE_NS_ASSERTIONS = NO;
				ENABLE_STRICT_OBJC_MSGSEND = YES;
				GCC_C_LANGUAGE_STANDARD = gnu99;
				GCC_NO_COMMON_BLOCKS = YES;
				GCC_WARN_64_TO_32_BIT_CONVERSION = YES;
				GCC_WARN_ABOUT_RETURN_TYPE = YES_ERROR;
				GCC_WARN_UNDECLARED_SELECTOR = YES;
				GCC_WARN_UNINITIALIZED_AUTOS = YES_AGGRESSIVE;
				GCC_WARN_UNUSED_FUNCTION = YES;
				GCC_WARN_UNUSED_VARIABLE = YES;
				MACOSX_DEPLOYMENT_TARGET = 10.11;
				MTL_ENABLE_DEBUG_INFO = NO;
				SDKROOT = macosx;
			};
			name = Release;
		};
		3F71F6B121776F8E00AAE74A /* Debug */ = {
			isa = XCBuildConfiguration;
			buildSettings = {
				ASSETCATALOG_COMPILER_APPICON_NAME = AppIcon;
				COMBINE_HIDPI_IMAGES = YES;
				INFOPLIST_FILE = Calculate/Info.plist;
				LD_RUNPATH_SEARCH_PATHS = "$(inherited) @executable_path/../Frameworks";
				PRODUCT_BUNDLE_IDENTIFIER = student.Calculate;
				PRODUCT_NAME = "$(TARGET_NAME)";
			};
			name = Debug;
		};
		3F71F6B221776F8E00AAE74A /* Release */ = {
			isa = XCBuildConfiguration;
			buildSettings = {
				ASSETCATALOG_COMPILER_APPICON_NAME = AppIcon;
				COMBINE_HIDPI_IMAGES = YES;
				INFOPLIST_FILE = Calculate/Info.plist;
				LD_RUNPATH_SEARCH_PATHS = "$(inherited) @executable_path/../Frameworks";
				PRODUCT_BUNDLE_IDENTIFIER = student.Calculate;
				PRODUCT_NAME = "$(TARGET_NAME)";
			};
			name = Release;
		};
		3F71F6B421776F8E00AAE74A /* Debug */ = {
			isa = XCBuildConfiguration;
			buildSettings = {
				BUNDLE_LOADER = "$(TEST_HOST)";
				COMBINE_HIDPI_IMAGES = YES;
				INFOPLIST_FILE = CalculateTests/Info.plist;
				LD_RUNPATH_SEARCH_PATHS = "$(inherited) @executable_path/../Frameworks @loader_path/../Frameworks";
				PRODUCT_BUNDLE_IDENTIFIER = student.CalculateTests;
				PRODUCT_NAME = "$(TARGET_NAME)";
				TEST_HOST = "$(BUILT_PRODUCTS_DIR)/Calculate.app/Contents/MacOS/Calculate";
			};
			name = Debug;
		};
		3F71F6B521776F8E00AAE74A /* Release */ = {
			isa = XCBuildConfiguration;
			buildSettings = {
				BUNDLE_LOADER = "$(TEST_HOST)";
				COMBINE_HIDPI_IMAGES = YES;
				INFOPLIST_FILE = CalculateTests/Info.plist;
				LD_RUNPATH_SEARCH_PATHS = "$(inherited) @executable_path/../Frameworks @loader_path/../Frameworks";
				PRODUCT_BUNDLE_IDENTIFIER = student.CalculateTests;
				PRODUCT_NAME = "$(TARGET_NAME)";
				TEST_HOST = "$(BUILT_PRODUCTS_DIR)/Calculate.app/Contents/MacOS/Calculate";
			};
			name = Release;
		};
		3F71F6B721776F8E00AAE74A /* Debug */ = {
			isa = XCBuildConfiguration;
			buildSettings = {
				COMBINE_HIDPI_IMAGES = YES;
				INFOPLIST_FILE = CalculateUITests/Info.plist;
				LD_RUNPATH_SEARCH_PATHS = "$(inherited) @executable_path/../Frameworks @loader_path/../Frameworks";
				PRODUCT_BUNDLE_IDENTIFIER = student.CalculateUITests;
				PRODUCT_NAME = "$(TARGET_NAME)";
				TEST_TARGET_NAME = Calculate;
			};
			name = Debug;
		};
		3F71F6B821776F8E00AAE74A /* Release */ = {
			isa = XCBuildConfiguration;
			buildSettings = {
				COMBINE_HIDPI_IMAGES = YES;
				INFOPLIST_FILE = CalculateUITests/Info.plist;
				LD_RUNPATH_SEARCH_PATHS = "$(inherited) @executable_path/../Frameworks @loader_path/../Frameworks";
				PRODUCT_BUNDLE_IDENTIFIER = student.CalculateUITests;
				PRODUCT_NAME = "$(TARGET_NAME)";
				TEST_TARGET_NAME = Calculate;
			};
			name = Release;
		};
/* End XCBuildConfiguration section */

/* Begin XCConfigurationList section */
		3F71F68121776F8D00AAE74A /* Build configuration list for PBXProject "Calculate" */ = {
			isa = XCConfigurationList;
			buildConfigurations = (
				3F71F6AE21776F8E00AAE74A /* Debug */,
				3F71F6AF21776F8E00AAE74A /* Release */,
			);
			defaultConfigurationIsVisible = 0;
			defaultConfigurationName = Release;
		};
		3F71F6B021776F8E00AAE74A /* Build configuration list for PBXNativeTarget "Calculate" */ = {
			isa = XCConfigurationList;
			buildConfigurations = (
				3F71F6B121776F8E00AAE74A /* Debug */,
				3F71F6B221776F8E00AAE74A /* Release */,
			);
			defaultConfigurationIsVisible = 0;
		};
		3F71F6B321776F8E00AAE74A /* Build configuration list for PBXNativeTarget "CalculateTests" */ = {
			isa = XCConfigurationList;
			buildConfigurations = (
				3F71F6B421776F8E00AAE74A /* Debug */,
				3F71F6B521776F8E00AAE74A /* Release */,
			);
			defaultConfigurationIsVisible = 0;
		};
		3F71F6B621776F8E00AAE74A /* Build configuration list for PBXNativeTarget "CalculateUITests" */ = {
			isa = XCConfigurationList;
			buildConfigurations = (
				3F71F6B721776F8E00AAE74A /* Debug */,
				3F71F6B821776F8E00AAE74A /* Release */,
			);
			defaultConfigurationIsVisible = 0;
		};
/* End XCConfigurationList section */
	};
	rootObject = 3F71F67E21776F8D00AAE74A /* Project object */;
}
